// !$*UTF8*$!
{
	archiveVersion = 1;
	classes = {
	};
	objectVersion = 55;
	objects = {

/* Begin PBXBuildFile section */
		AB717A86285A3357009C61B0 /* pattern-divider-mobile.svg in Resources */ = {isa = PBXBuildFile; fileRef = AB717A85285A3357009C61B0 /* pattern-divider-mobile.svg */; };
		AB717A88285A3369009C61B0 /* icon-dice.svg in Resources */ = {isa = PBXBuildFile; fileRef = AB717A87285A3369009C61B0 /* icon-dice.svg */; };
		AB717A8A285A3390009C61B0 /* Manrope-Regular.ttf in Resources */ = {isa = PBXBuildFile; fileRef = AB717A89285A3390009C61B0 /* Manrope-Regular.ttf */; };
		AB717A8D285A3490009C61B0 /* Extensions.swift in Sources */ = {isa = PBXBuildFile; fileRef = AB717A8C285A3490009C61B0 /* Extensions.swift */; };
		ABC5460C28592E5B00E8C096 /* FEMAdviceGeneratorApp.swift in Sources */ = {isa = PBXBuildFile; fileRef = ABC5460B28592E5B00E8C096 /* FEMAdviceGeneratorApp.swift */; };
		ABC5460E28592E5B00E8C096 /* ContentView.swift in Sources */ = {isa = PBXBuildFile; fileRef = ABC5460D28592E5B00E8C096 /* ContentView.swift */; };
		ABC5461028592E5C00E8C096 /* Assets.xcassets in Resources */ = {isa = PBXBuildFile; fileRef = ABC5460F28592E5C00E8C096 /* Assets.xcassets */; };
		ABC5461328592E5C00E8C096 /* Preview Assets.xcassets in Resources */ = {isa = PBXBuildFile; fileRef = ABC5461228592E5C00E8C096 /* Preview Assets.xcassets */; };
		ABC5461B28592FA000E8C096 /* ViewModel.swift in Sources */ = {isa = PBXBuildFile; fileRef = ABC5461A28592FA000E8C096 /* ViewModel.swift */; };
		ABC5461E28592FEB00E8C096 /* AdviceModel.swift in Sources */ = {isa = PBXBuildFile; fileRef = ABC5461D28592FEB00E8C096 /* AdviceModel.swift */; };
		ABC546202859300E00E8C096 /* SlipModel.swift in Sources */ = {isa = PBXBuildFile; fileRef = ABC5461F2859300E00E8C096 /* SlipModel.swift */; };
		ABC546242859306600E8C096 /* QuoteView.swift in Sources */ = {isa = PBXBuildFile; fileRef = ABC546232859306600E8C096 /* QuoteView.swift */; };
		ABC8E5F8285A642500F57C6E /* DiceIconView.swift in Sources */ = {isa = PBXBuildFile; fileRef = ABC8E5F7285A642500F57C6E /* DiceIconView.swift */; };
		ABC8E5FA285A651B00F57C6E /* AdviceNumHeaderView.swift in Sources */ = {isa = PBXBuildFile; fileRef = ABC8E5F9285A651B00F57C6E /* AdviceNumHeaderView.swift */; };
		ABC8E5FC285A661300F57C6E /* AdviceView.swift in Sources */ = {isa = PBXBuildFile; fileRef = ABC8E5FB285A661300F57C6E /* AdviceView.swift */; };
		ABC8E5FE285A6F0400F57C6E /* CardView.swift in Sources */ = {isa = PBXBuildFile; fileRef = ABC8E5FD285A6F0400F57C6E /* CardView.swift */; };
/* End PBXBuildFile section */

/* Begin PBXFileReference section */
		AB717A85285A3357009C61B0 /* pattern-divider-mobile.svg */ = {isa = PBXFileReference; fileEncoding = 4; lastKnownFileType = text; path = "pattern-divider-mobile.svg"; sourceTree = "<group>"; };
		AB717A87285A3369009C61B0 /* icon-dice.svg */ = {isa = PBXFileReference; fileEncoding = 4; lastKnownFileType = text; path = "icon-dice.svg"; sourceTree = "<group>"; };
		AB717A89285A3390009C61B0 /* Manrope-Regular.ttf */ = {isa = PBXFileReference; lastKnownFileType = file; path = "Manrope-Regular.ttf"; sourceTree = "<group>"; };
		AB717A8B285A33CB009C61B0 /* Info.plist */ = {isa = PBXFileReference; lastKnownFileType = text.plist; path = Info.plist; sourceTree = "<group>"; };
		AB717A8C285A3490009C61B0 /* Extensions.swift */ = {isa = PBXFileReference; lastKnownFileType = sourcecode.swift; path = Extensions.swift; sourceTree = "<group>"; };
		ABC5460828592E5B00E8C096 /* FEMAdviceGenerator.app */ = {isa = PBXFileReference; explicitFileType = wrapper.application; includeInIndex = 0; path = FEMAdviceGenerator.app; sourceTree = BUILT_PRODUCTS_DIR; };
		ABC5460B28592E5B00E8C096 /* FEMAdviceGeneratorApp.swift */ = {isa = PBXFileReference; lastKnownFileType = sourcecode.swift; path = FEMAdviceGeneratorApp.swift; sourceTree = "<group>"; };
		ABC5460D28592E5B00E8C096 /* ContentView.swift */ = {isa = PBXFileReference; lastKnownFileType = sourcecode.swift; path = ContentView.swift; sourceTree = "<group>"; };
		ABC5460F28592E5C00E8C096 /* Assets.xcassets */ = {isa = PBXFileReference; lastKnownFileType = folder.assetcatalog; path = Assets.xcassets; sourceTree = "<group>"; };
		ABC5461228592E5C00E8C096 /* Preview Assets.xcassets */ = {isa = PBXFileReference; lastKnownFileType = folder.assetcatalog; path = "Preview Assets.xcassets"; sourceTree = "<group>"; };
		ABC5461A28592FA000E8C096 /* ViewModel.swift */ = {isa = PBXFileReference; lastKnownFileType = sourcecode.swift; path = ViewModel.swift; sourceTree = "<group>"; };
		ABC5461D28592FEB00E8C096 /* AdviceModel.swift */ = {isa = PBXFileReference; lastKnownFileType = sourcecode.swift; path = AdviceModel.swift; sourceTree = "<group>"; };
		ABC5461F2859300E00E8C096 /* SlipModel.swift */ = {isa = PBXFileReference; lastKnownFileType = sourcecode.swift; path = SlipModel.swift; sourceTree = "<group>"; };
		ABC546232859306600E8C096 /* QuoteView.swift */ = {isa = PBXFileReference; lastKnownFileType = sourcecode.swift; path = QuoteView.swift; sourceTree = "<group>"; };
		ABC8E5F7285A642500F57C6E /* DiceIconView.swift */ = {isa = PBXFileReference; lastKnownFileType = sourcecode.swift; path = DiceIconView.swift; sourceTree = "<group>"; };
		ABC8E5F9285A651B00F57C6E /* AdviceNumHeaderView.swift */ = {isa = PBXFileReference; lastKnownFileType = sourcecode.swift; path = AdviceNumHeaderView.swift; sourceTree = "<group>"; };
		ABC8E5FB285A661300F57C6E /* AdviceView.swift */ = {isa = PBXFileReference; lastKnownFileType = sourcecode.swift; path = AdviceView.swift; sourceTree = "<group>"; };
		ABC8E5FD285A6F0400F57C6E /* CardView.swift */ = {isa = PBXFileReference; lastKnownFileType = sourcecode.swift; path = CardView.swift; sourceTree = "<group>"; };
/* End PBXFileReference section */

/* Begin PBXFrameworksBuildPhase section */
		ABC5460528592E5B00E8C096 /* Frameworks */ = {
			isa = PBXFrameworksBuildPhase;
			buildActionMask = 2147483647;
			files = (
			);
			runOnlyForDeploymentPostprocessing = 0;
		};
/* End PBXFrameworksBuildPhase section */

/* Begin PBXGroup section */
		ABC545FF28592E5B00E8C096 = {
			isa = PBXGroup;
			children = (
				ABC5460A28592E5B00E8C096 /* FEMAdviceGenerator */,
				ABC5460928592E5B00E8C096 /* Products */,
			);
			sourceTree = "<group>";
		};
		ABC5460928592E5B00E8C096 /* Products */ = {
			isa = PBXGroup;
			children = (
				ABC5460828592E5B00E8C096 /* FEMAdviceGenerator.app */,
			);
			name = Products;
			sourceTree = "<group>";
		};
		ABC5460A28592E5B00E8C096 /* FEMAdviceGenerator */ = {
			isa = PBXGroup;
			children = (
				ABC5460B28592E5B00E8C096 /* FEMAdviceGeneratorApp.swift */,
				AB717A8C285A3490009C61B0 /* Extensions.swift */,
				ABC5460D28592E5B00E8C096 /* ContentView.swift */,
				ABC5461928592F6400E8C096 /* Views */,
				ABC5461C28592FC500E8C096 /* Model */,
				ABC5460F28592E5C00E8C096 /* Assets.xcassets */,
				AB717A87285A3369009C61B0 /* icon-dice.svg */,
				AB717A85285A3357009C61B0 /* pattern-divider-mobile.svg */,
				AB717A89285A3390009C61B0 /* Manrope-Regular.ttf */,
				ABC5461128592E5C00E8C096 /* Preview Content */,
				AB717A8B285A33CB009C61B0 /* Info.plist */,
			);
			path = FEMAdviceGenerator;
			sourceTree = "<group>";
		};
		ABC5461128592E5C00E8C096 /* Preview Content */ = {
			isa = PBXGroup;
			children = (
				ABC5461228592E5C00E8C096 /* Preview Assets.xcassets */,
			);
			path = "Preview Content";
			sourceTree = "<group>";
		};
		ABC5461928592F6400E8C096 /* Views */ = {
			isa = PBXGroup;
			children = (
				ABC546232859306600E8C096 /* QuoteView.swift */,
				ABC8E5FD285A6F0400F57C6E /* CardView.swift */,
				ABC8E5F9285A651B00F57C6E /* AdviceNumHeaderView.swift */,
				ABC8E5FB285A661300F57C6E /* AdviceView.swift */,
				ABC8E5F7285A642500F57C6E /* DiceIconView.swift */,
				ABC8E5FF285BA0FA00F57C6E /* ViewModel */,
			);
			path = Views;
			sourceTree = "<group>";
		};
		ABC5461C28592FC500E8C096 /* Model */ = {
			isa = PBXGroup;
			children = (
				ABC5461D28592FEB00E8C096 /* AdviceModel.swift */,
				ABC5461F2859300E00E8C096 /* SlipModel.swift */,
			);
			path = Model;
			sourceTree = "<group>";
		};
		ABC8E5FF285BA0FA00F57C6E /* ViewModel */ = {
			isa = PBXGroup;
			children = (
				ABC5461A28592FA000E8C096 /* ViewModel.swift */,
			);
			path = ViewModel;
			sourceTree = "<group>";
		};
/* End PBXGroup section */

/* Begin PBXNativeTarget section */
		ABC5460728592E5B00E8C096 /* FEMAdviceGenerator */ = {
			isa = PBXNativeTarget;
			buildConfigurationList = ABC5461628592E5C00E8C096 /* Build configuration list for PBXNativeTarget "FEMAdviceGenerator" */;
			buildPhases = (
				ABC5460428592E5B00E8C096 /* Sources */,
				ABC5460528592E5B00E8C096 /* Frameworks */,
				ABC5460628592E5B00E8C096 /* Resources */,
			);
			buildRules = (
			);
			dependencies = (
			);
			name = FEMAdviceGenerator;
			productName = FEMAdviceGenerator;
			productReference = ABC5460828592E5B00E8C096 /* FEMAdviceGenerator.app */;
			productType = "com.apple.product-type.application";
		};
/* End PBXNativeTarget section */

/* Begin PBXProject section */
		ABC5460028592E5B00E8C096 /* Project object */ = {
			isa = PBXProject;
			attributes = {
				BuildIndependentTargetsInParallel = 1;
				LastSwiftUpdateCheck = 1340;
				LastUpgradeCheck = 1340;
				TargetAttributes = {
					ABC5460728592E5B00E8C096 = {
						CreatedOnToolsVersion = 13.4.1;
					};
				};
			};
			buildConfigurationList = ABC5460328592E5B00E8C096 /* Build configuration list for PBXProject "FEMAdviceGenerator" */;
			compatibilityVersion = "Xcode 13.0";
			developmentRegion = en;
			hasScannedForEncodings = 0;
			knownRegions = (
				en,
				Base,
			);
			mainGroup = ABC545FF28592E5B00E8C096;
			productRefGroup = ABC5460928592E5B00E8C096 /* Products */;
			projectDirPath = "";
			projectRoot = "";
			targets = (
				ABC5460728592E5B00E8C096 /* FEMAdviceGenerator */,
			);
		};
/* End PBXProject section */

/* Begin PBXResourcesBuildPhase section */
		ABC5460628592E5B00E8C096 /* Resources */ = {
			isa = PBXResourcesBuildPhase;
			buildActionMask = 2147483647;
			files = (
				AB717A86285A3357009C61B0 /* pattern-divider-mobile.svg in Resources */,
				AB717A8A285A3390009C61B0 /* Manrope-Regular.ttf in Resources */,
				ABC5461328592E5C00E8C096 /* Preview Assets.xcassets in Resources */,
				AB717A88285A3369009C61B0 /* icon-dice.svg in Resources */,
				ABC5461028592E5C00E8C096 /* Assets.xcassets in Resources */,
			);
			runOnlyForDeploymentPostprocessing = 0;
		};
/* End PBXResourcesBuildPhase section */

/* Begin PBXSourcesBuildPhase section */
		ABC5460428592E5B00E8C096 /* Sources */ = {
			isa = PBXSourcesBuildPhase;
			buildActionMask = 2147483647;
			files = (
				ABC5460E28592E5B00E8C096 /* ContentView.swift in Sources */,
				ABC5461E28592FEB00E8C096 /* AdviceModel.swift in Sources */,
				ABC8E5FA285A651B00F57C6E /* AdviceNumHeaderView.swift in Sources */,
				AB717A8D285A3490009C61B0 /* Extensions.swift in Sources */,
				ABC546202859300E00E8C096 /* SlipModel.swift in Sources */,
				ABC546242859306600E8C096 /* QuoteView.swift in Sources */,
				ABC5461B28592FA000E8C096 /* ViewModel.swift in Sources */,
				ABC8E5F8285A642500F57C6E /* DiceIconView.swift in Sources */,
				ABC8E5FC285A661300F57C6E /* AdviceView.swift in Sources */,
				ABC8E5FE285A6F0400F57C6E /* CardView.swift in Sources */,
				ABC5460C28592E5B00E8C096 /* FEMAdviceGeneratorApp.swift in Sources */,
			);
			runOnlyForDeploymentPostprocessing = 0;
		};
/* End PBXSourcesBuildPhase section */

/* Begin XCBuildConfiguration section */
		ABC5461428592E5C00E8C096 /* Debug */ = {
			isa = XCBuildConfiguration;
			buildSettings = {
				ALWAYS_SEARCH_USER_PATHS = NO;
				CLANG_ANALYZER_NONNULL = YES;
				CLANG_ANALYZER_NUMBER_OBJECT_CONVERSION = YES_AGGRESSIVE;
				CLANG_CXX_LANGUAGE_STANDARD = "gnu++17";
				CLANG_ENABLE_MODULES = YES;
				CLANG_ENABLE_OBJC_ARC = YES;
				CLANG_ENABLE_OBJC_WEAK = YES;
				CLANG_WARN_BLOCK_CAPTURE_AUTORELEASING = YES;
				CLANG_WARN_BOOL_CONVERSION = YES;
				CLANG_WARN_COMMA = YES;
				CLANG_WARN_CONSTANT_CONVERSION = YES;
				CLANG_WARN_DEPRECATED_OBJC_IMPLEMENTATIONS = YES;
				CLANG_WARN_DIRECT_OBJC_ISA_USAGE = YES_ERROR;
				CLANG_WARN_DOCUMENTATION_COMMENTS = YES;
				CLANG_WARN_EMPTY_BODY = YES;
				CLANG_WARN_ENUM_CONVERSION = YES;
				CLANG_WARN_INFINITE_RECURSION = YES;
				CLANG_WARN_INT_CONVERSION = YES;
				CLANG_WARN_NON_LITERAL_NULL_CONVERSION = YES;
				CLANG_WARN_OBJC_IMPLICIT_RETAIN_SELF = YES;
				CLANG_WARN_OBJC_LITERAL_CONVERSION = YES;
				CLANG_WARN_OBJC_ROOT_CLASS = YES_ERROR;
				CLANG_WARN_QUOTED_INCLUDE_IN_FRAMEWORK_HEADER = YES;
				CLANG_WARN_RANGE_LOOP_ANALYSIS = YES;
				CLANG_WARN_STRICT_PROTOTYPES = YES;
				CLANG_WARN_SUSPICIOUS_MOVE = YES;
				CLANG_WARN_UNGUARDED_AVAILABILITY = YES_AGGRESSIVE;
				CLANG_WARN_UNREACHABLE_CODE = YES;
				CLANG_WARN__DUPLICATE_METHOD_MATCH = YES;
				COPY_PHASE_STRIP = NO;
				DEBUG_INFORMATION_FORMAT = dwarf;
				ENABLE_STRICT_OBJC_MSGSEND = YES;
				ENABLE_TESTABILITY = YES;
				GCC_C_LANGUAGE_STANDARD = gnu11;
				GCC_DYNAMIC_NO_PIC = NO;
				GCC_NO_COMMON_BLOCKS = YES;
				GCC_OPTIMIZATION_LEVEL = 0;
				GCC_PREPROCESSOR_DEFINITIONS = (
					"DEBUG=1",
					"$(inherited)",
				);
				GCC_WARN_64_TO_32_BIT_CONVERSION = YES;
				GCC_WARN_ABOUT_RETURN_TYPE = YES_ERROR;
				GCC_WARN_UNDECLARED_SELECTOR = YES;
				GCC_WARN_UNINITIALIZED_AUTOS = YES_AGGRESSIVE;
				GCC_WARN_UNUSED_FUNCTION = YES;
				GCC_WARN_UNUSED_VARIABLE = YES;
				IPHONEOS_DEPLOYMENT_TARGET = 15.5;
				MTL_ENABLE_DEBUG_INFO = INCLUDE_SOURCE;
				MTL_FAST_MATH = YES;
				ONLY_ACTIVE_ARCH = YES;
				SDKROOT = iphoneos;
				SWIFT_ACTIVE_COMPILATION_CONDITIONS = DEBUG;
				SWIFT_OPTIMIZATION_LEVEL = "-Onone";
			};
			name = Debug;
		};
		ABC5461528592E5C00E8C096 /* Release */ = {
			isa = XCBuildConfiguration;
			buildSettings = {
				ALWAYS_SEARCH_USER_PATHS = NO;
				CLANG_ANALYZER_NONNULL = YES;
				CLANG_ANALYZER_NUMBER_OBJECT_CONVERSION = YES_AGGRESSIVE;
				CLANG_CXX_LANGUAGE_STANDARD = "gnu++17";
				CLANG_ENABLE_MODULES = YES;
				CLANG_ENABLE_OBJC_ARC = YES;
				CLANG_ENABLE_OBJC_WEAK = YES;
				CLANG_WARN_BLOCK_CAPTURE_AUTORELEASING = YES;
				CLANG_WARN_BOOL_CONVERSION = YES;
				CLANG_WARN_COMMA = YES;
				CLANG_WARN_CONSTANT_CONVERSION = YES;
				CLANG_WARN_DEPRECATED_OBJC_IMPLEMENTATIONS = YES;
				CLANG_WARN_DIRECT_OBJC_ISA_USAGE = YES_ERROR;
				CLANG_WARN_DOCUMENTATION_COMMENTS = YES;
				CLANG_WARN_EMPTY_BODY = YES;
				CLANG_WARN_ENUM_CONVERSION = YES;
				CLANG_WARN_INFINITE_RECURSION = YES;
				CLANG_WARN_INT_CONVERSION = YES;
				CLANG_WARN_NON_LITERAL_NULL_CONVERSION = YES;
				CLANG_WARN_OBJC_IMPLICIT_RETAIN_SELF = YES;
				CLANG_WARN_OBJC_LITERAL_CONVERSION = YES;
				CLANG_WARN_OBJC_ROOT_CLASS = YES_ERROR;
				CLANG_WARN_QUOTED_INCLUDE_IN_FRAMEWORK_HEADER = YES;
				CLANG_WARN_RANGE_LOOP_ANALYSIS = YES;
				CLANG_WARN_STRICT_PROTOTYPES = YES;
				CLANG_WARN_SUSPICIOUS_MOVE = YES;
				CLANG_WARN_UNGUARDED_AVAILABILITY = YES_AGGRESSIVE;
				CLANG_WARN_UNREACHABLE_CODE = YES;
				CLANG_WARN__DUPLICATE_METHOD_MATCH = YES;
				COPY_PHASE_STRIP = NO;
				DEBUG_INFORMATION_FORMAT = "dwarf-with-dsym";
				ENABLE_NS_ASSERTIONS = NO;
				ENABLE_STRICT_OBJC_MSGSEND = YES;
				GCC_C_LANGUAGE_STANDARD = gnu11;
				GCC_NO_COMMON_BLOCKS = YES;
				GCC_WARN_64_TO_32_BIT_CONVERSION = YES;
				GCC_WARN_ABOUT_RETURN_TYPE = YES_ERROR;
				GCC_WARN_UNDECLARED_SELECTOR = YES;
				GCC_WARN_UNINITIALIZED_AUTOS = YES_AGGRESSIVE;
				GCC_WARN_UNUSED_FUNCTION = YES;
				GCC_WARN_UNUSED_VARIABLE = YES;
				IPHONEOS_DEPLOYMENT_TARGET = 15.5;
				MTL_ENABLE_DEBUG_INFO = NO;
				MTL_FAST_MATH = YES;
				SDKROOT = iphoneos;
				SWIFT_COMPILATION_MODE = wholemodule;
				SWIFT_OPTIMIZATION_LEVEL = "-O";
				VALIDATE_PRODUCT = YES;
			};
			name = Release;
		};
		ABC5461728592E5C00E8C096 /* Debug */ = {
			isa = XCBuildConfiguration;
			buildSettings = {
				ASSETCATALOG_COMPILER_APPICON_NAME = AppIcon;
				ASSETCATALOG_COMPILER_GLOBAL_ACCENT_COLOR_NAME = AccentColor;
				CODE_SIGN_STYLE = Automatic;
				CURRENT_PROJECT_VERSION = 1;
				DEVELOPMENT_ASSET_PATHS = "\"FEMAdviceGenerator/Preview Content\"";
				DEVELOPMENT_TEAM = 25MBFXXLA7;
				ENABLE_PREVIEWS = YES;
				GENERATE_INFOPLIST_FILE = YES;
				INFOPLIST_FILE = FEMAdviceGenerator/Info.plist;
				INFOPLIST_KEY_UIApplicationSceneManifest_Generation = YES;
				INFOPLIST_KEY_UIApplicationSupportsIndirectInputEvents = YES;
				INFOPLIST_KEY_UILaunchScreen_Generation = YES;
				INFOPLIST_KEY_UISupportedInterfaceOrientations_iPad = "UIInterfaceOrientationPortrait UIInterfaceOrientationPortraitUpsideDown UIInterfaceOrientationLandscapeLeft UIInterfaceOrientationLandscapeRight";
				INFOPLIST_KEY_UISupportedInterfaceOrientations_iPhone = "UIInterfaceOrientationPortrait UIInterfaceOrientationLandscapeLeft UIInterfaceOrientationLandscapeRight";
				LD_RUNPATH_SEARCH_PATHS = (
					"$(inherited)",
					"@executable_path/Frameworks",
				);
				MARKETING_VERSION = 1.0;
				PRODUCT_BUNDLE_IDENTIFIER = co.rar.FEMAdviceGenerator;
				PRODUCT_NAME = "$(TARGET_NAME)";
				SWIFT_EMIT_LOC_STRINGS = YES;
				SWIFT_VERSION = 5.0;
				TARGETED_DEVICE_FAMILY = "1,2";
			};
			name = Debug;
		};
		ABC5461828592E5C00E8C096 /* Release */ = {
			isa = XCBuildConfiguration;
			buildSettings = {
				ASSETCATALOG_COMPILER_APPICON_NAME = AppIcon;
				ASSETCATALOG_COMPILER_GLOBAL_ACCENT_COLOR_NAME = AccentColor;
				CODE_SIGN_STYLE = Automatic;
				CURRENT_PROJECT_VERSION = 1;
				DEVELOPMENT_ASSET_PATHS = "\"FEMAdviceGenerator/Preview Content\"";
				DEVELOPMENT_TEAM = 25MBFXXLA7;
				ENABLE_PREVIEWS = YES;
				GENERATE_INFOPLIST_FILE = YES;
				INFOPLIST_FILE = FEMAdviceGenerator/Info.plist;
				INFOPLIST_KEY_UIApplicationSceneManifest_Generation = YES;
				INFOPLIST_KEY_UIApplicationSupportsIndirectInputEvents = YES;
				INFOPLIST_KEY_UILaunchScreen_Generation = YES;
				INFOPLIST_KEY_UISupportedInterfaceOrientations_iPad = "UIInterfaceOrientationPortrait UIInterfaceOrientationPortraitUpsideDown UIInterfaceOrientationLandscapeLeft UIInterfaceOrientationLandscapeRight";
				INFOPLIST_KEY_UISupportedInterfaceOrientations_iPhone = "UIInterfaceOrientationPortrait UIInterfaceOrientationLandscapeLeft UIInterfaceOrientationLandscapeRight";
				LD_RUNPATH_SEARCH_PATHS = (
					"$(inherited)",
					"@executable_path/Frameworks",
				);
				MARKETING_VERSION = 1.0;
				PRODUCT_BUNDLE_IDENTIFIER = co.rar.FEMAdviceGenerator;
				PRODUCT_NAME = "$(TARGET_NAME)";
				SWIFT_EMIT_LOC_STRINGS = YES;
				SWIFT_VERSION = 5.0;
				TARGETED_DEVICE_FAMILY = "1,2";
			};
			name = Release;
		};
/* End XCBuildConfiguration section */

/* Begin XCConfigurationList section */
		ABC5460328592E5B00E8C096 /* Build configuration list for PBXProject "FEMAdviceGenerator" */ = {
			isa = XCConfigurationList;
			buildConfigurations = (
				ABC5461428592E5C00E8C096 /* Debug */,
				ABC5461528592E5C00E8C096 /* Release */,
			);
			defaultConfigurationIsVisible = 0;
			defaultConfigurationName = Release;
		};
		ABC5461628592E5C00E8C096 /* Build configuration list for PBXNativeTarget "FEMAdviceGenerator" */ = {
			isa = XCConfigurationList;
			buildConfigurations = (
				ABC5461728592E5C00E8C096 /* Debug */,
				ABC5461828592E5C00E8C096 /* Release */,
			);
			defaultConfigurationIsVisible = 0;
			defaultConfigurationName = Release;
		};
/* End XCConfigurationList section */
	};
	rootObject = ABC5460028592E5B00E8C096 /* Project object */;
}
